
Microsoft Visual Studio Solution File, Format Version 12.00
# Visual Studio Version 17
VisualStudioVersion = 17.11.35222.181
MinimumVisualStudioVersion = 10.0.40219.1
Project("{FAE04EC0-301F-11D3-BF4B-00C04F79EFBC}") = "01_MainSubjects", "01_MainSubjects\01_MainSubjects.csproj", "{98680C4D-CAE8-4840-8F99-74C3BEAC46B2}"
EndProject
Project("{FAE04EC0-301F-11D3-BF4B-00C04F79EFBC}") = "02_Variables", "02_Variables\02_Variables.csproj", "{D48D1B28-7AA8-432E-95A2-65C48A9E1418}"
EndProject
Project("{FAE04EC0-301F-11D3-BF4B-00C04F79EFBC}") = "03_MakingDecision", "03_MakingDecision\03_MakingDecision.csproj", "{EF66D0B9-E077-429D-8A08-1948771C001C}"
EndProject
Project("{FAE04EC0-301F-11D3-BF4B-00C04F79EFBC}") = "04_Loops", "04_Loops\04_Loops.csproj", "{3FFFE57A-4FF0-4F3C-8DBB-D6287D686505}"
EndProject
Project("{FAE04EC0-301F-11D3-BF4B-00C04F79EFBC}") = "05_LoopsWithStars", "05_LoopsWithStars\05_LoopsWithStars.csproj", "{6DC873B7-F546-4D35-A111-B8F6DC723DA8}"
EndProject
Global
	GlobalSection(SolutionConfigurationPlatforms) = preSolution
		Debug|Any CPU = Debug|Any CPU
		Release|Any CPU = Release|Any CPU
	EndGlobalSection
	GlobalSection(ProjectConfigurationPlatforms) = postSolution
		{98680C4D-CAE8-4840-8F99-74C3BEAC46B2}.Debug|Any CPU.ActiveCfg = Debug|Any CPU
		{98680C4D-CAE8-4840-8F99-74C3BEAC46B2}.Debug|Any CPU.Build.0 = Debug|Any CPU
		{98680C4D-CAE8-4840-8F99-74C3BEAC46B2}.Release|Any CPU.ActiveCfg = Release|Any CPU
		{98680C4D-CAE8-4840-8F99-74C3BEAC46B2}.Release|Any CPU.Build.0 = Release|Any CPU
		{D48D1B28-7AA8-432E-95A2-65C48A9E1418}.Debug|Any CPU.ActiveCfg = Debug|Any CPU
		{D48D1B28-7AA8-432E-95A2-65C48A9E1418}.Debug|Any CPU.Build.0 = Debug|Any CPU
		{D48D1B28-7AA8-432E-95A2-65C48A9E1418}.Release|Any CPU.ActiveCfg = Release|Any CPU
		{D48D1B28-7AA8-432E-95A2-65C48A9E1418}.Release|Any CPU.Build.0 = Release|Any CPU
		{EF66D0B9-E077-429D-8A08-1948771C001C}.Debug|Any CPU.ActiveCfg = Debug|Any CPU
		{EF66D0B9-E077-429D-8A08-1948771C001C}.Debug|Any CPU.Build.0 = Debug|Any CPU
		{EF66D0B9-E077-429D-8A08-1948771C001C}.Release|Any CPU.ActiveCfg = Release|Any CPU
		{EF66D0B9-E077-429D-8A08-1948771C001C}.Release|Any CPU.Build.0 = Release|Any CPU
		{3FFFE57A-4FF0-4F3C-8DBB-D6287D686505}.Debug|Any CPU.ActiveCfg = Debug|Any CPU
		{3FFFE57A-4FF0-4F3C-8DBB-D6287D686505}.Debug|Any CPU.Build.0 = Debug|Any CPU
		{3FFFE57A-4FF0-4F3C-8DBB-D6287D686505}.Release|Any CPU.ActiveCfg = Release|Any CPU
		{3FFFE57A-4FF0-4F3C-8DBB-D6287D686505}.Release|Any CPU.Build.0 = Release|Any CPU
		{6DC873B7-F546-4D35-A111-B8F6DC723DA8}.Debug|Any CPU.ActiveCfg = Debug|Any CPU
		{6DC873B7-F546-4D35-A111-B8F6DC723DA8}.Debug|Any CPU.Build.0 = Debug|Any CPU
		{6DC873B7-F546-4D35-A111-B8F6DC723DA8}.Release|Any CPU.ActiveCfg = Release|Any CPU
		{6DC873B7-F546-4D35-A111-B8F6DC723DA8}.Release|Any CPU.Build.0 = Release|Any CPU
	EndGlobalSection
	GlobalSection(SolutionProperties) = preSolution
		HideSolutionNode = FALSE
	EndGlobalSection
	GlobalSection(ExtensibilityGlobals) = postSolution
		SolutionGuid = {93F59F9D-1731-4F2F-B59B-037C24EF2194}
	EndGlobalSection
EndGlobal
